
Microsoft Visual Studio Solution File, Format Version 12.00
# Visual Studio Version 17
VisualStudioVersion = 17.8.34330.188
MinimumVisualStudioVersion = 10.0.40219.1
Project("{FAE04EC0-301F-11D3-BF4B-00C04F79EFBC}") = "ean13 new1", "ean13 new1.csproj", "{8BCBEC50-6517-4F85-8364-977A626B570C}"
EndProject
Global
	GlobalSection(SolutionConfigurationPlatforms) = preSolution
		Debug|Any CPU = Debug|Any CPU
		Release|Any CPU = Release|Any CPU
	EndGlobalSection
	GlobalSection(ProjectConfigurationPlatforms) = postSolution
		{8BCBEC50-6517-4F85-8364-977A626B570C}.Debug|Any CPU.ActiveCfg = Debug|Any CPU
		{8BCBEC50-6517-4F85-8364-977A626B570C}.Debug|Any CPU.Build.0 = Debug|Any CPU
		{8BCBEC50-6517-4F85-8364-977A626B570C}.Release|Any CPU.ActiveCfg = Release|Any CPU
		{8BCBEC50-6517-4F85-8364-977A626B570C}.Release|Any CPU.Build.0 = Release|Any CPU
	EndGlobalSection
	GlobalSection(SolutionProperties) = preSolution
		HideSolutionNode = FALSE
	EndGlobalSection
	GlobalSection(ExtensibilityGlobals) = postSolution
		SolutionGuid = {0AC0B000-E835-4E1A-8DED-46B569FE9D52}
	EndGlobalSection
EndGlobal
